
Microsoft Visual Studio Solution File, Format Version 12.00
# Visual Studio 14
VisualStudioVersion = 14.0.25420.1
MinimumVisualStudioVersion = 10.0.40219.1
Project("{FAE04EC0-301F-11D3-BF4B-00C04F79EFBC}") = "IdentityServer3.Host.Configuration", "IdentityServer3.Host.Configuration\IdentityServer3.Host.Configuration.csproj", "{732066E4-2AA2-4D0F-83E4-B12E04011236}"
EndProject
Project("{FAE04EC0-301F-11D3-BF4B-00C04F79EFBC}") = "IdentityServer3.Host.Web", "IdentityServer3.Host.Web\IdentityServer3.Host.Web.csproj", "{004F28E6-F53E-4CBE-BA1B-0B8DE21B05E5}"
EndProject
Project("{FAE04EC0-301F-11D3-BF4B-00C04F79EFBC}") = "Basic.Client", "Basic.Client\Basic.Client.csproj", "{D3787DAA-78F1-4CD1-9F38-16A0173F6580}"
EndProject
Project("{FAE04EC0-301F-11D3-BF4B-00C04F79EFBC}") = "Basic.API", "Basic.API\Basic.API.csproj", "{647E6418-6571-422A-8DDC-013EE9B0E414}"
EndProject
Global
	GlobalSection(SolutionConfigurationPlatforms) = preSolution
		Debug|Any CPU = Debug|Any CPU
		Release|Any CPU = Release|Any CPU
	EndGlobalSection
	GlobalSection(ProjectConfigurationPlatforms) = postSolution
		{732066E4-2AA2-4D0F-83E4-B12E04011236}.Debug|Any CPU.ActiveCfg = Debug|Any CPU
		{732066E4-2AA2-4D0F-83E4-B12E04011236}.Debug|Any CPU.Build.0 = Debug|Any CPU
		{732066E4-2AA2-4D0F-83E4-B12E04011236}.Release|Any CPU.ActiveCfg = Release|Any CPU
		{732066E4-2AA2-4D0F-83E4-B12E04011236}.Release|Any CPU.Build.0 = Release|Any CPU
		{004F28E6-F53E-4CBE-BA1B-0B8DE21B05E5}.Debug|Any CPU.ActiveCfg = Debug|Any CPU
		{004F28E6-F53E-4CBE-BA1B-0B8DE21B05E5}.Debug|Any CPU.Build.0 = Debug|Any CPU
		{004F28E6-F53E-4CBE-BA1B-0B8DE21B05E5}.Release|Any CPU.ActiveCfg = Release|Any CPU
		{004F28E6-F53E-4CBE-BA1B-0B8DE21B05E5}.Release|Any CPU.Build.0 = Release|Any CPU
		{D3787DAA-78F1-4CD1-9F38-16A0173F6580}.Debug|Any CPU.ActiveCfg = Debug|Any CPU
		{D3787DAA-78F1-4CD1-9F38-16A0173F6580}.Debug|Any CPU.Build.0 = Debug|Any CPU
		{D3787DAA-78F1-4CD1-9F38-16A0173F6580}.Release|Any CPU.ActiveCfg = Release|Any CPU
		{D3787DAA-78F1-4CD1-9F38-16A0173F6580}.Release|Any CPU.Build.0 = Release|Any CPU
		{647E6418-6571-422A-8DDC-013EE9B0E414}.Debug|Any CPU.ActiveCfg = Debug|Any CPU
		{647E6418-6571-422A-8DDC-013EE9B0E414}.Debug|Any CPU.Build.0 = Debug|Any CPU
		{647E6418-6571-422A-8DDC-013EE9B0E414}.Release|Any CPU.ActiveCfg = Release|Any CPU
		{647E6418-6571-422A-8DDC-013EE9B0E414}.Release|Any CPU.Build.0 = Release|Any CPU
	EndGlobalSection
	GlobalSection(SolutionProperties) = preSolution
		HideSolutionNode = FALSE
	EndGlobalSection
EndGlobal
